
Microsoft Visual Studio Solution File, Format Version 12.00
# Visual Studio Version 17
VisualStudioVersion = 17.0.31903.59
MinimumVisualStudioVersion = 10.0.40219.1
Project("{2150E333-8FDC-42A3-9474-1A3956D46DE8}") = "src", "src", "{827E0CD3-B72D-47B6-A68D-7590B98EB39B}"
EndProject
Project("{FAE04EC0-301F-11D3-BF4B-00C04F79EFBC}") = "SIRIAUTOPOST.Api", "src\SIRIAUTOPOST.Api\SIRIAUTOPOST.Api.csproj", "{3F2405D8-1232-443C-8167-0048E21D6512}"
EndProject
Project("{FAE04EC0-301F-11D3-BF4B-00C04F79EFBC}") = "SIRIAUTOPOST.Application", "src\SIRIAUTOPOST.Application\SIRIAUTOPOST.Application.csproj", "{21EA1035-7B96-4ADD-8EDF-0E961FA51F1F}"
EndProject
Project("{FAE04EC0-301F-11D3-BF4B-00C04F79EFBC}") = "SIRIAUTOPOST.Domain", "src\SIRIAUTOPOST.Domain\SIRIAUTOPOST.Domain.csproj", "{2633CC84-8B68-4E28-ADA8-20BB7888EAE0}"
EndProject
Project("{FAE04EC0-301F-11D3-BF4B-00C04F79EFBC}") = "SIRIAUTOPOST.Infrastructure", "src\SIRIAUTOPOST.Infrastructure\SIRIAUTOPOST.Infrastructure.csproj", "{16FF1C74-8B54-4BF2-8DB0-7AED14F681FF}"
EndProject
Project("{2150E333-8FDC-42A3-9474-1A3956D46DE8}") = "tests", "tests", "{0AB3BF05-4346-4AA6-1389-037BE0695223}"
EndProject
Project("{FAE04EC0-301F-11D3-BF4B-00C04F79EFBC}") = "SIRIAUTOPOST.Api.IntegrationTests", "tests\SIRIAUTOPOST.Api.IntegrationTests\SIRIAUTOPOST.Api.IntegrationTests.csproj", "{7FA293DA-DDDA-497C-B0A0-BF60339FCBC3}"
EndProject
Project("{FAE04EC0-301F-11D3-BF4B-00C04F79EFBC}") = "SIRIAUTOPOST.Application.Tests", "tests\SIRIAUTOPOST.Application.Tests\SIRIAUTOPOST.Application.Tests.csproj", "{BC6FE9A7-A4F4-4C1D-B037-8D082A77EE8B}"
EndProject
Project("{FAE04EC0-301F-11D3-BF4B-00C04F79EFBC}") = "SIRIAUTOPOST.Domain.Tests", "tests\SIRIAUTOPOST.Domain.Tests\SIRIAUTOPOST.Domain.Tests.csproj", "{CDFBAD4D-340A-4A26-A45B-FA9CBA1FD773}"
EndProject
Global
	GlobalSection(SolutionConfigurationPlatforms) = preSolution
		Debug|Any CPU = Debug|Any CPU
		Debug|x64 = Debug|x64
		Debug|x86 = Debug|x86
		Release|Any CPU = Release|Any CPU
		Release|x64 = Release|x64
		Release|x86 = Release|x86
	EndGlobalSection
	GlobalSection(ProjectConfigurationPlatforms) = postSolution
		{3F2405D8-1232-443C-8167-0048E21D6512}.Debug|Any CPU.ActiveCfg = Debug|Any CPU
		{3F2405D8-1232-443C-8167-0048E21D6512}.Debug|Any CPU.Build.0 = Debug|Any CPU
		{3F2405D8-1232-443C-8167-0048E21D6512}.Debug|x64.ActiveCfg = Debug|Any CPU
		{3F2405D8-1232-443C-8167-0048E21D6512}.Debug|x64.Build.0 = Debug|Any CPU
		{3F2405D8-1232-443C-8167-0048E21D6512}.Debug|x86.ActiveCfg = Debug|Any CPU
		{3F2405D8-1232-443C-8167-0048E21D6512}.Debug|x86.Build.0 = Debug|Any CPU
		{3F2405D8-1232-443C-8167-0048E21D6512}.Release|Any CPU.ActiveCfg = Release|Any CPU
		{3F2405D8-1232-443C-8167-0048E21D6512}.Release|Any CPU.Build.0 = Release|Any CPU
		{3F2405D8-1232-443C-8167-0048E21D6512}.Release|x64.ActiveCfg = Release|Any CPU
		{3F2405D8-1232-443C-8167-0048E21D6512}.Release|x64.Build.0 = Release|Any CPU
		{3F2405D8-1232-443C-8167-0048E21D6512}.Release|x86.ActiveCfg = Release|Any CPU
		{3F2405D8-1232-443C-8167-0048E21D6512}.Release|x86.Build.0 = Release|Any CPU
		{21EA1035-7B96-4ADD-8EDF-0E961FA51F1F}.Debug|Any CPU.ActiveCfg = Debug|Any CPU
		{21EA1035-7B96-4ADD-8EDF-0E961FA51F1F}.Debug|Any CPU.Build.0 = Debug|Any CPU
		{21EA1035-7B96-4ADD-8EDF-0E961FA51F1F}.Debug|x64.ActiveCfg = Debug|Any CPU
		{21EA1035-7B96-4ADD-8EDF-0E961FA51F1F}.Debug|x64.Build.0 = Debug|Any CPU
		{21EA1035-7B96-4ADD-8EDF-0E961FA51F1F}.Debug|x86.ActiveCfg = Debug|Any CPU
		{21EA1035-7B96-4ADD-8EDF-0E961FA51F1F}.Debug|x86.Build.0 = Debug|Any CPU
		{21EA1035-7B96-4ADD-8EDF-0E961FA51F1F}.Release|Any CPU.ActiveCfg = Release|Any CPU
		{21EA1035-7B96-4ADD-8EDF-0E961FA51F1F}.Release|Any CPU.Build.0 = Release|Any CPU
		{21EA1035-7B96-4ADD-8EDF-0E961FA51F1F}.Release|x64.ActiveCfg = Release|Any CPU
		{21EA1035-7B96-4ADD-8EDF-0E961FA51F1F}.Release|x64.Build.0 = Release|Any CPU
		{21EA1035-7B96-4ADD-8EDF-0E961FA51F1F}.Release|x86.ActiveCfg = Release|Any CPU
		{21EA1035-7B96-4ADD-8EDF-0E961FA51F1F}.Release|x86.Build.0 = Release|Any CPU
		{2633CC84-8B68-4E28-ADA8-20BB7888EAE0}.Debug|Any CPU.ActiveCfg = Debug|Any CPU
		{2633CC84-8B68-4E28-ADA8-20BB7888EAE0}.Debug|Any CPU.Build.0 = Debug|Any CPU
		{2633CC84-8B68-4E28-ADA8-20BB7888EAE0}.Debug|x64.ActiveCfg = Debug|Any CPU
		{2633CC84-8B68-4E28-ADA8-20BB7888EAE0}.Debug|x64.Build.0 = Debug|Any CPU
		{2633CC84-8B68-4E28-ADA8-20BB7888EAE0}.Debug|x86.ActiveCfg = Debug|Any CPU
		{2633CC84-8B68-4E28-ADA8-20BB7888EAE0}.Debug|x86.Build.0 = Debug|Any CPU
		{2633CC84-8B68-4E28-ADA8-20BB7888EAE0}.Release|Any CPU.ActiveCfg = Release|Any CPU
		{2633CC84-8B68-4E28-ADA8-20BB7888EAE0}.Release|Any CPU.Build.0 = Release|Any CPU
		{2633CC84-8B68-4E28-ADA8-20BB7888EAE0}.Release|x64.ActiveCfg = Release|Any CPU
		{2633CC84-8B68-4E28-ADA8-20BB7888EAE0}.Release|x64.Build.0 = Release|Any CPU
		{2633CC84-8B68-4E28-ADA8-20BB7888EAE0}.Release|x86.ActiveCfg = Release|Any CPU
		{2633CC84-8B68-4E28-ADA8-20BB7888EAE0}.Release|x86.Build.0 = Release|Any CPU
		{16FF1C74-8B54-4BF2-8DB0-7AED14F681FF}.Debug|Any CPU.ActiveCfg = Debug|Any CPU
		{16FF1C74-8B54-4BF2-8DB0-7AED14F681FF}.Debug|Any CPU.Build.0 = Debug|Any CPU
		{16FF1C74-8B54-4BF2-8DB0-7AED14F681FF}.Debug|x64.ActiveCfg = Debug|Any CPU
		{16FF1C74-8B54-4BF2-8DB0-7AED14F681FF}.Debug|x64.Build.0 = Debug|Any CPU
		{16FF1C74-8B54-4BF2-8DB0-7AED14F681FF}.Debug|x86.ActiveCfg = Debug|Any CPU
		{16FF1C74-8B54-4BF2-8DB0-7AED14F681FF}.Debug|x86.Build.0 = Debug|Any CPU
		{16FF1C74-8B54-4BF2-8DB0-7AED14F681FF}.Release|Any CPU.ActiveCfg = Release|Any CPU
		{16FF1C74-8B54-4BF2-8DB0-7AED14F681FF}.Release|Any CPU.Build.0 = Release|Any CPU
		{16FF1C74-8B54-4BF2-8DB0-7AED14F681FF}.Release|x64.ActiveCfg = Release|Any CPU
		{16FF1C74-8B54-4BF2-8DB0-7AED14F681FF}.Release|x64.Build.0 = Release|Any CPU
		{16FF1C74-8B54-4BF2-8DB0-7AED14F681FF}.Release|x86.ActiveCfg = Release|Any CPU
		{16FF1C74-8B54-4BF2-8DB0-7AED14F681FF}.Release|x86.Build.0 = Release|Any CPU
		{7FA293DA-DDDA-497C-B0A0-BF60339FCBC3}.Debug|Any CPU.ActiveCfg = Debug|Any CPU
		{7FA293DA-DDDA-497C-B0A0-BF60339FCBC3}.Debug|Any CPU.Build.0 = Debug|Any CPU
		{7FA293DA-DDDA-497C-B0A0-BF60339FCBC3}.Debug|x64.ActiveCfg = Debug|Any CPU
		{7FA293DA-DDDA-497C-B0A0-BF60339FCBC3}.Debug|x64.Build.0 = Debug|Any CPU
		{7FA293DA-DDDA-497C-B0A0-BF60339FCBC3}.Debug|x86.ActiveCfg = Debug|Any CPU
		{7FA293DA-DDDA-497C-B0A0-BF60339FCBC3}.Debug|x86.Build.0 = Debug|Any CPU
		{7FA293DA-DDDA-497C-B0A0-BF60339FCBC3}.Release|Any CPU.ActiveCfg = Release|Any CPU
		{7FA293DA-DDDA-497C-B0A0-BF60339FCBC3}.Release|Any CPU.Build.0 = Release|Any CPU
		{7FA293DA-DDDA-497C-B0A0-BF60339FCBC3}.Release|x64.ActiveCfg = Release|Any CPU
		{7FA293DA-DDDA-497C-B0A0-BF60339FCBC3}.Release|x64.Build.0 = Release|Any CPU
		{7FA293DA-DDDA-497C-B0A0-BF60339FCBC3}.Release|x86.ActiveCfg = Release|Any CPU
		{7FA293DA-DDDA-497C-B0A0-BF60339FCBC3}.Release|x86.Build.0 = Release|Any CPU
		{BC6FE9A7-A4F4-4C1D-B037-8D082A77EE8B}.Debug|Any CPU.ActiveCfg = Debug|Any CPU
		{BC6FE9A7-A4F4-4C1D-B037-8D082A77EE8B}.Debug|Any CPU.Build.0 = Debug|Any CPU
		{BC6FE9A7-A4F4-4C1D-B037-8D082A77EE8B}.Debug|x64.ActiveCfg = Debug|Any CPU
		{BC6FE9A7-A4F4-4C1D-B037-8D082A77EE8B}.Debug|x64.Build.0 = Debug|Any CPU
		{BC6FE9A7-A4F4-4C1D-B037-8D082A77EE8B}.Debug|x86.ActiveCfg = Debug|Any CPU
		{BC6FE9A7-A4F4-4C1D-B037-8D082A77EE8B}.Debug|x86.Build.0 = Debug|Any CPU
		{BC6FE9A7-A4F4-4C1D-B037-8D082A77EE8B}.Release|Any CPU.ActiveCfg = Release|Any CPU
		{BC6FE9A7-A4F4-4C1D-B037-8D082A77EE8B}.Release|Any CPU.Build.0 = Release|Any CPU
		{BC6FE9A7-A4F4-4C1D-B037-8D082A77EE8B}.Release|x64.ActiveCfg = Release|Any CPU
		{BC6FE9A7-A4F4-4C1D-B037-8D082A77EE8B}.Release|x64.Build.0 = Release|Any CPU
		{BC6FE9A7-A4F4-4C1D-B037-8D082A77EE8B}.Release|x86.ActiveCfg = Release|Any CPU
		{BC6FE9A7-A4F4-4C1D-B037-8D082A77EE8B}.Release|x86.Build.0 = Release|Any CPU
		{CDFBAD4D-340A-4A26-A45B-FA9CBA1FD773}.Debug|Any CPU.ActiveCfg = Debug|Any CPU
		{CDFBAD4D-340A-4A26-A45B-FA9CBA1FD773}.Debug|Any CPU.Build.0 = Debug|Any CPU
		{CDFBAD4D-340A-4A26-A45B-FA9CBA1FD773}.Debug|x64.ActiveCfg = Debug|Any CPU
		{CDFBAD4D-340A-4A26-A45B-FA9CBA1FD773}.Debug|x64.Build.0 = Debug|Any CPU
		{CDFBAD4D-340A-4A26-A45B-FA9CBA1FD773}.Debug|x86.ActiveCfg = Debug|Any CPU
		{CDFBAD4D-340A-4A26-A45B-FA9CBA1FD773}.Debug|x86.Build.0 = Debug|Any CPU
		{CDFBAD4D-340A-4A26-A45B-FA9CBA1FD773}.Release|Any CPU.ActiveCfg = Release|Any CPU
		{CDFBAD4D-340A-4A26-A45B-FA9CBA1FD773}.Release|Any CPU.Build.0 = Release|Any CPU
		{CDFBAD4D-340A-4A26-A45B-FA9CBA1FD773}.Release|x64.ActiveCfg = Release|Any CPU
		{CDFBAD4D-340A-4A26-A45B-FA9CBA1FD773}.Release|x64.Build.0 = Release|Any CPU
		{CDFBAD4D-340A-4A26-A45B-FA9CBA1FD773}.Release|x86.ActiveCfg = Release|Any CPU
		{CDFBAD4D-340A-4A26-A45B-FA9CBA1FD773}.Release|x86.Build.0 = Release|Any CPU
	EndGlobalSection
	GlobalSection(SolutionProperties) = preSolution
		HideSolutionNode = FALSE
	EndGlobalSection
	GlobalSection(NestedProjects) = preSolution
		{3F2405D8-1232-443C-8167-0048E21D6512} = {827E0CD3-B72D-47B6-A68D-7590B98EB39B}
		{21EA1035-7B96-4ADD-8EDF-0E961FA51F1F} = {827E0CD3-B72D-47B6-A68D-7590B98EB39B}
		{2633CC84-8B68-4E28-ADA8-20BB7888EAE0} = {827E0CD3-B72D-47B6-A68D-7590B98EB39B}
		{16FF1C74-8B54-4BF2-8DB0-7AED14F681FF} = {827E0CD3-B72D-47B6-A68D-7590B98EB39B}
		{7FA293DA-DDDA-497C-B0A0-BF60339FCBC3} = {0AB3BF05-4346-4AA6-1389-037BE0695223}
		{BC6FE9A7-A4F4-4C1D-B037-8D082A77EE8B} = {0AB3BF05-4346-4AA6-1389-037BE0695223}
		{CDFBAD4D-340A-4A26-A45B-FA9CBA1FD773} = {0AB3BF05-4346-4AA6-1389-037BE0695223}
	EndGlobalSection
EndGlobal
